schema: '2.0'
stages:
  prepare:
    cmd: python src/prepare.py
    deps:
    - path: src/prepare.py
      hash: md5
      md5: cdc8724054bca5384a68965537992010
      size: 867
    params:
      params.yaml:
        prepare.arch: resnet50
    outs:
    - path: config.yaml
      hash: md5
      md5: 19f64b9fa0657e18a9964c36a4c30a1f
      size: 15
