schema: '2.0'
stages:
  prepare:
    cmd: python src/prepare.py
    deps:
    - path: src/prepare.py
      hash: md5
      md5: b31de58e2f70c950a5bdf22304d7a961
      size: 903
    params:
      params.yaml:
        prepare.arch: resnet50
    outs:
    - path: config.yaml
      hash: md5
      md5: a46ee90e4e78e69cd3730e6cd1fed51c
      size: 16
